// !$*UTF8*$!
{
	archiveVersion = 1;
	classes = {
	};
	objectVersion = 46;
	objects = {

/* Begin PBXBuildFile section */
		116E273BC81EDA12E0B68557 /* libPods-FireBaseSample.a in Frameworks */ = {isa = PBXBuildFile; fileRef = 6871A387ADCA597191F9D860 /* libPods-FireBaseSample.a */; };
		BE502CFDAEEF0AA4204F693F /* libPods-FireBaseSampleTests.a in Frameworks */ = {isa = PBXBuildFile; fileRef = E4C0F52178F2ADE53B54CFD1 /* libPods-FireBaseSampleTests.a */; };
		D70174B3F9E2C56D09D819C5 /* libPods-FireBaseSampleUITests.a in Frameworks */ = {isa = PBXBuildFile; fileRef = 60B66D8178633D8D833F0147 /* libPods-FireBaseSampleUITests.a */; };
		EA251CD21F36E46500EEDFE5 /* AppDelegate.swift in Sources */ = {isa = PBXBuildFile; fileRef = EA251CD11F36E46500EEDFE5 /* AppDelegate.swift */; };
		EA251CD41F36E46500EEDFE5 /* ViewController.swift in Sources */ = {isa = PBXBuildFile; fileRef = EA251CD31F36E46500EEDFE5 /* ViewController.swift */; };
		EA251CD71F36E46500EEDFE5 /* Main.storyboard in Resources */ = {isa = PBXBuildFile; fileRef = EA251CD51F36E46500EEDFE5 /* Main.storyboard */; };
		EA251CD91F36E46500EEDFE5 /* Assets.xcassets in Resources */ = {isa = PBXBuildFile; fileRef = EA251CD81F36E46500EEDFE5 /* Assets.xcassets */; };
		EA251CDC1F36E46500EEDFE5 /* LaunchScreen.storyboard in Resources */ = {isa = PBXBuildFile; fileRef = EA251CDA1F36E46500EEDFE5 /* LaunchScreen.storyboard */; };
		EA251CE71F36E46500EEDFE5 /* FireBaseSampleTests.swift in Sources */ = {isa = PBXBuildFile; fileRef = EA251CE61F36E46500EEDFE5 /* FireBaseSampleTests.swift */; };
		EA251CF21F36E46500EEDFE5 /* FireBaseSampleUITests.swift in Sources */ = {isa = PBXBuildFile; fileRef = EA251CF11F36E46500EEDFE5 /* FireBaseSampleUITests.swift */; };
		EA251D001F36E49700EEDFE5 /* GoogleService-Info.plist in Resources */ = {isa = PBXBuildFile; fileRef = EA251CFF1F36E49700EEDFE5 /* GoogleService-Info.plist */; };
		EA251D011F36E49700EEDFE5 /* GoogleService-Info.plist in Resources */ = {isa = PBXBuildFile; fileRef = EA251CFF1F36E49700EEDFE5 /* GoogleService-Info.plist */; };
		EA251D021F36E49700EEDFE5 /* GoogleService-Info.plist in Resources */ = {isa = PBXBuildFile; fileRef = EA251CFF1F36E49700EEDFE5 /* GoogleService-Info.plist */; };
/* End PBXBuildFile section */

/* Begin PBXContainerItemProxy section */
		EA251CE31F36E46500EEDFE5 /* PBXContainerItemProxy */ = {
			isa = PBXContainerItemProxy;
			containerPortal = EA251CC61F36E46500EEDFE5 /* Project object */;
			proxyType = 1;
			remoteGlobalIDString = EA251CCD1F36E46500EEDFE5;
			remoteInfo = FireBaseSample;
		};
		EA251CEE1F36E46500EEDFE5 /* PBXContainerItemProxy */ = {
			isa = PBXContainerItemProxy;
			containerPortal = EA251CC61F36E46500EEDFE5 /* Project object */;
			proxyType = 1;
			remoteGlobalIDString = EA251CCD1F36E46500EEDFE5;
			remoteInfo = FireBaseSample;
		};
/* End PBXContainerItemProxy section */

/* Begin PBXFileReference section */
		4D1FADE2D3E3E4B7665D2CF8 /* Pods-FireBaseSample.release.xcconfig */ = {isa = PBXFileReference; includeInIndex = 1; lastKnownFileType = text.xcconfig; name = "Pods-FireBaseSample.release.xcconfig"; path = "Pods/Target Support Files/Pods-FireBaseSample/Pods-FireBaseSample.release.xcconfig"; sourceTree = "<group>"; };
		60B66D8178633D8D833F0147 /* libPods-FireBaseSampleUITests.a */ = {isa = PBXFileReference; explicitFileType = archive.ar; includeInIndex = 0; path = "libPods-FireBaseSampleUITests.a"; sourceTree = BUILT_PRODUCTS_DIR; };
		6871A387ADCA597191F9D860 /* libPods-FireBaseSample.a */ = {isa = PBXFileReference; explicitFileType = archive.ar; includeInIndex = 0; path = "libPods-FireBaseSample.a"; sourceTree = BUILT_PRODUCTS_DIR; };
		8BD20DF255A3FE82F2C7E238 /* Pods-FireBaseSampleUITests.debug.xcconfig */ = {isa = PBXFileReference; includeInIndex = 1; lastKnownFileType = text.xcconfig; name = "Pods-FireBaseSampleUITests.debug.xcconfig"; path = "Pods/Target Support Files/Pods-FireBaseSampleUITests/Pods-FireBaseSampleUITests.debug.xcconfig"; sourceTree = "<group>"; };
		BFD6C3C24D651CCC3B139BEE /* Pods-FireBaseSample.debug.xcconfig */ = {isa = PBXFileReference; includeInIndex = 1; lastKnownFileType = text.xcconfig; name = "Pods-FireBaseSample.debug.xcconfig"; path = "Pods/Target Support Files/Pods-FireBaseSample/Pods-FireBaseSample.debug.xcconfig"; sourceTree = "<group>"; };
		DBCFAB7CC35C522243A98A4F /* Pods-FireBaseSampleUITests.release.xcconfig */ = {isa = PBXFileReference; includeInIndex = 1; lastKnownFileType = text.xcconfig; name = "Pods-FireBaseSampleUITests.release.xcconfig"; path = "Pods/Target Support Files/Pods-FireBaseSampleUITests/Pods-FireBaseSampleUITests.release.xcconfig"; sourceTree = "<group>"; };
		E25F64C3D97EE44706C35892 /* Pods-FireBaseSampleTests.release.xcconfig */ = {isa = PBXFileReference; includeInIndex = 1; lastKnownFileType = text.xcconfig; name = "Pods-FireBaseSampleTests.release.xcconfig"; path = "Pods/Target Support Files/Pods-FireBaseSampleTests/Pods-FireBaseSampleTests.release.xcconfig"; sourceTree = "<group>"; };
		E4C0F52178F2ADE53B54CFD1 /* libPods-FireBaseSampleTests.a */ = {isa = PBXFileReference; explicitFileType = archive.ar; includeInIndex = 0; path = "libPods-FireBaseSampleTests.a"; sourceTree = BUILT_PRODUCTS_DIR; };
		EA251CCE1F36E46500EEDFE5 /* FireBaseSample.app */ = {isa = PBXFileReference; explicitFileType = wrapper.application; includeInIndex = 0; path = FireBaseSample.app; sourceTree = BUILT_PRODUCTS_DIR; };
		EA251CD11F36E46500EEDFE5 /* AppDelegate.swift */ = {isa = PBXFileReference; lastKnownFileType = sourcecode.swift; path = AppDelegate.swift; sourceTree = "<group>"; };
		EA251CD31F36E46500EEDFE5 /* ViewController.swift */ = {isa = PBXFileReference; lastKnownFileType = sourcecode.swift; path = ViewController.swift; sourceTree = "<group>"; };
		EA251CD61F36E46500EEDFE5 /* Base */ = {isa = PBXFileReference; lastKnownFileType = file.storyboard; name = Base; path = Base.lproj/Main.storyboard; sourceTree = "<group>"; };
		EA251CD81F36E46500EEDFE5 /* Assets.xcassets */ = {isa = PBXFileReference; lastKnownFileType = folder.assetcatalog; path = Assets.xcassets; sourceTree = "<group>"; };
		EA251CDB1F36E46500EEDFE5 /* Base */ = {isa = PBXFileReference; lastKnownFileType = file.storyboard; name = Base; path = Base.lproj/LaunchScreen.storyboard; sourceTree = "<group>"; };
		EA251CDD1F36E46500EEDFE5 /* Info.plist */ = {isa = PBXFileReference; lastKnownFileType = text.plist.xml; path = Info.plist; sourceTree = "<group>"; };
		EA251CE21F36E46500EEDFE5 /* FireBaseSampleTests.xctest */ = {isa = PBXFileReference; explicitFileType = wrapper.cfbundle; includeInIndex = 0; path = FireBaseSampleTests.xctest; sourceTree = BUILT_PRODUCTS_DIR; };
		EA251CE61F36E46500EEDFE5 /* FireBaseSampleTests.swift */ = {isa = PBXFileReference; lastKnownFileType = sourcecode.swift; path = FireBaseSampleTests.swift; sourceTree = "<group>"; };
		EA251CE81F36E46500EEDFE5 /* Info.plist */ = {isa = PBXFileReference; lastKnownFileType = text.plist.xml; path = Info.plist; sourceTree = "<group>"; };
		EA251CED1F36E46500EEDFE5 /* FireBaseSampleUITests.xctest */ = {isa = PBXFileReference; explicitFileType = wrapper.cfbundle; includeInIndex = 0; path = FireBaseSampleUITests.xctest; sourceTree = BUILT_PRODUCTS_DIR; };
		EA251CF11F36E46500EEDFE5 /* FireBaseSampleUITests.swift */ = {isa = PBXFileReference; lastKnownFileType = sourcecode.swift; path = FireBaseSampleUITests.swift; sourceTree = "<group>"; };
		EA251CF31F36E46500EEDFE5 /* Info.plist */ = {isa = PBXFileReference; lastKnownFileType = text.plist.xml; path = Info.plist; sourceTree = "<group>"; };
		EA251CFF1F36E49700EEDFE5 /* GoogleService-Info.plist */ = {isa = PBXFileReference; fileEncoding = 4; lastKnownFileType = text.plist.xml; name = "GoogleService-Info.plist"; path = "../../../../../../Downloads/GoogleService-Info.plist"; sourceTree = "<group>"; };
		F6543419A9362F4C13BD6014 /* Pods-FireBaseSampleTests.debug.xcconfig */ = {isa = PBXFileReference; includeInIndex = 1; lastKnownFileType = text.xcconfig; name = "Pods-FireBaseSampleTests.debug.xcconfig"; path = "Pods/Target Support Files/Pods-FireBaseSampleTests/Pods-FireBaseSampleTests.debug.xcconfig"; sourceTree = "<group>"; };
/* End PBXFileReference section */

/* Begin PBXFrameworksBuildPhase section */
		EA251CCB1F36E46500EEDFE5 /* Frameworks */ = {
			isa = PBXFrameworksBuildPhase;
			buildActionMask = 2147483647;
			files = (
				116E273BC81EDA12E0B68557 /* libPods-FireBaseSample.a in Frameworks */,
			);
			runOnlyForDeploymentPostprocessing = 0;
		};
		EA251CDF1F36E46500EEDFE5 /* Frameworks */ = {
			isa = PBXFrameworksBuildPhase;
			buildActionMask = 2147483647;
			files = (
				BE502CFDAEEF0AA4204F693F /* libPods-FireBaseSampleTests.a in Frameworks */,
			);
			runOnlyForDeploymentPostprocessing = 0;
		};
		EA251CEA1F36E46500EEDFE5 /* Frameworks */ = {
			isa = PBXFrameworksBuildPhase;
			buildActionMask = 2147483647;
			files = (
				D70174B3F9E2C56D09D819C5 /* libPods-FireBaseSampleUITests.a in Frameworks */,
			);
			runOnlyForDeploymentPostprocessing = 0;
		};
/* End PBXFrameworksBuildPhase section */

/* Begin PBXGroup section */
		293762FA230BB7D2DD9EEBBE /* Pods */ = {
			isa = PBXGroup;
			children = (
				BFD6C3C24D651CCC3B139BEE /* Pods-FireBaseSample.debug.xcconfig */,
				4D1FADE2D3E3E4B7665D2CF8 /* Pods-FireBaseSample.release.xcconfig */,
				F6543419A9362F4C13BD6014 /* Pods-FireBaseSampleTests.debug.xcconfig */,
				E25F64C3D97EE44706C35892 /* Pods-FireBaseSampleTests.release.xcconfig */,
				8BD20DF255A3FE82F2C7E238 /* Pods-FireBaseSampleUITests.debug.xcconfig */,
				DBCFAB7CC35C522243A98A4F /* Pods-FireBaseSampleUITests.release.xcconfig */,
			);
			name = Pods;
			sourceTree = "<group>";
		};
		C41BF9C3900FFA88041CB0AB /* Frameworks */ = {
			isa = PBXGroup;
			children = (
				6871A387ADCA597191F9D860 /* libPods-FireBaseSample.a */,
				E4C0F52178F2ADE53B54CFD1 /* libPods-FireBaseSampleTests.a */,
				60B66D8178633D8D833F0147 /* libPods-FireBaseSampleUITests.a */,
			);
			name = Frameworks;
			sourceTree = "<group>";
		};
		EA251CC51F36E46500EEDFE5 = {
			isa = PBXGroup;
			children = (
				EA251CD01F36E46500EEDFE5 /* FireBaseSample */,
				EA251CE51F36E46500EEDFE5 /* FireBaseSampleTests */,
				EA251CF01F36E46500EEDFE5 /* FireBaseSampleUITests */,
				EA251CCF1F36E46500EEDFE5 /* Products */,
				293762FA230BB7D2DD9EEBBE /* Pods */,
				C41BF9C3900FFA88041CB0AB /* Frameworks */,
			);
			sourceTree = "<group>";
		};
		EA251CCF1F36E46500EEDFE5 /* Products */ = {
			isa = PBXGroup;
			children = (
				EA251CCE1F36E46500EEDFE5 /* FireBaseSample.app */,
				EA251CE21F36E46500EEDFE5 /* FireBaseSampleTests.xctest */,
				EA251CED1F36E46500EEDFE5 /* FireBaseSampleUITests.xctest */,
			);
			name = Products;
			sourceTree = "<group>";
		};
		EA251CD01F36E46500EEDFE5 /* FireBaseSample */ = {
			isa = PBXGroup;
			children = (
				EA251CFF1F36E49700EEDFE5 /* GoogleService-Info.plist */,
				EA251CD11F36E46500EEDFE5 /* AppDelegate.swift */,
				EA251CD31F36E46500EEDFE5 /* ViewController.swift */,
				EA251CD51F36E46500EEDFE5 /* Main.storyboard */,
				EA251CD81F36E46500EEDFE5 /* Assets.xcassets */,
				EA251CDA1F36E46500EEDFE5 /* LaunchScreen.storyboard */,
				EA251CDD1F36E46500EEDFE5 /* Info.plist */,
			);
			path = FireBaseSample;
			sourceTree = "<group>";
		};
		EA251CE51F36E46500EEDFE5 /* FireBaseSampleTests */ = {
			isa = PBXGroup;
			children = (
				EA251CE61F36E46500EEDFE5 /* FireBaseSampleTests.swift */,
				EA251CE81F36E46500EEDFE5 /* Info.plist */,
			);
			path = FireBaseSampleTests;
			sourceTree = "<group>";
		};
		EA251CF01F36E46500EEDFE5 /* FireBaseSampleUITests */ = {
			isa = PBXGroup;
			children = (
				EA251CF11F36E46500EEDFE5 /* FireBaseSampleUITests.swift */,
				EA251CF31F36E46500EEDFE5 /* Info.plist */,
			);
			path = FireBaseSampleUITests;
			sourceTree = "<group>";
		};
/* End PBXGroup section */

/* Begin PBXNativeTarget section */
		EA251CCD1F36E46500EEDFE5 /* FireBaseSample */ = {
			isa = PBXNativeTarget;
			buildConfigurationList = EA251CF61F36E46500EEDFE5 /* Build configuration list for PBXNativeTarget "FireBaseSample" */;
			buildPhases = (
				5C2A508E6C82A386F58AE0A0 /* [CP] Check Pods Manifest.lock */,
				EA251CCA1F36E46500EEDFE5 /* Sources */,
				EA251CCB1F36E46500EEDFE5 /* Frameworks */,
				EA251CCC1F36E46500EEDFE5 /* Resources */,
				27AEB20BDEDF1E9E40C02A1D /* [CP] Embed Pods Frameworks */,
				A809F384901002BAE94D9465 /* [CP] Copy Pods Resources */,
			);
			buildRules = (
			);
			dependencies = (
			);
			name = FireBaseSample;
			productName = FireBaseSample;
			productReference = EA251CCE1F36E46500EEDFE5 /* FireBaseSample.app */;
			productType = "com.apple.product-type.application";
		};
		EA251CE11F36E46500EEDFE5 /* FireBaseSampleTests */ = {
			isa = PBXNativeTarget;
			buildConfigurationList = EA251CF91F36E46500EEDFE5 /* Build configuration list for PBXNativeTarget "FireBaseSampleTests" */;
			buildPhases = (
				84FAEA67E16376A79C692400 /* [CP] Check Pods Manifest.lock */,
				EA251CDE1F36E46500EEDFE5 /* Sources */,
				EA251CDF1F36E46500EEDFE5 /* Frameworks */,
				EA251CE01F36E46500EEDFE5 /* Resources */,
				CCE788BFEEED04DE2E9AE168 /* [CP] Embed Pods Frameworks */,
				D2353DFD5BAA97F1665D9152 /* [CP] Copy Pods Resources */,
			);
			buildRules = (
			);
			dependencies = (
				EA251CE41F36E46500EEDFE5 /* PBXTargetDependency */,
			);
			name = FireBaseSampleTests;
			productName = FireBaseSampleTests;
			productReference = EA251CE21F36E46500EEDFE5 /* FireBaseSampleTests.xctest */;
			productType = "com.apple.product-type.bundle.unit-test";
		};
		EA251CEC1F36E46500EEDFE5 /* FireBaseSampleUITests */ = {
			isa = PBXNativeTarget;
			buildConfigurationList = EA251CFC1F36E46500EEDFE5 /* Build configuration list for PBXNativeTarget "FireBaseSampleUITests" */;
			buildPhases = (
				6A41BA919559B0D0A37E0D33 /* [CP] Check Pods Manifest.lock */,
				EA251CE91F36E46500EEDFE5 /* Sources */,
				EA251CEA1F36E46500EEDFE5 /* Frameworks */,
				EA251CEB1F36E46500EEDFE5 /* Resources */,
				226BCDEEE407C631FFC88E55 /* [CP] Embed Pods Frameworks */,
				2884284B81705D62DD2EEB92 /* [CP] Copy Pods Resources */,
			);
			buildRules = (
			);
			dependencies = (
				EA251CEF1F36E46500EEDFE5 /* PBXTargetDependency */,
			);
			name = FireBaseSampleUITests;
			productName = FireBaseSampleUITests;
			productReference = EA251CED1F36E46500EEDFE5 /* FireBaseSampleUITests.xctest */;
			productType = "com.apple.product-type.bundle.ui-testing";
		};
/* End PBXNativeTarget section */

/* Begin PBXProject section */
		EA251CC61F36E46500EEDFE5 /* Project object */ = {
			isa = PBXProject;
			attributes = {
				LastSwiftUpdateCheck = 0830;
				LastUpgradeCheck = 0830;
				ORGANIZATIONNAME = "Kazuki MIHARA";
				TargetAttributes = {
					EA251CCD1F36E46500EEDFE5 = {
						CreatedOnToolsVersion = 8.3.3;
						DevelopmentTeam = F37M48YKW2;
						ProvisioningStyle = Automatic;
					};
					EA251CE11F36E46500EEDFE5 = {
						CreatedOnToolsVersion = 8.3.3;
						DevelopmentTeam = F37M48YKW2;
						ProvisioningStyle = Automatic;
						TestTargetID = EA251CCD1F36E46500EEDFE5;
					};
					EA251CEC1F36E46500EEDFE5 = {
						CreatedOnToolsVersion = 8.3.3;
						DevelopmentTeam = F37M48YKW2;
						ProvisioningStyle = Automatic;
						TestTargetID = EA251CCD1F36E46500EEDFE5;
					};
				};
			};
			buildConfigurationList = EA251CC91F36E46500EEDFE5 /* Build configuration list for PBXProject "FireBaseSample" */;
			compatibilityVersion = "Xcode 3.2";
			developmentRegion = English;
			hasScannedForEncodings = 0;
			knownRegions = (
				en,
				Base,
			);
			mainGroup = EA251CC51F36E46500EEDFE5;
			productRefGroup = EA251CCF1F36E46500EEDFE5 /* Products */;
			projectDirPath = "";
			projectRoot = "";
			targets = (
				EA251CCD1F36E46500EEDFE5 /* FireBaseSample */,
				EA251CE11F36E46500EEDFE5 /* FireBaseSampleTests */,
				EA251CEC1F36E46500EEDFE5 /* FireBaseSampleUITests */,
			);
		};
/* End PBXProject section */

/* Begin PBXResourcesBuildPhase section */
		EA251CCC1F36E46500EEDFE5 /* Resources */ = {
			isa = PBXResourcesBuildPhase;
			buildActionMask = 2147483647;
			files = (
				EA251CDC1F36E46500EEDFE5 /* LaunchScreen.storyboard in Resources */,
				EA251D001F36E49700EEDFE5 /* GoogleService-Info.plist in Resources */,
				EA251CD91F36E46500EEDFE5 /* Assets.xcassets in Resources */,
				EA251CD71F36E46500EEDFE5 /* Main.storyboard in Resources */,
			);
			runOnlyForDeploymentPostprocessing = 0;
		};
		EA251CE01F36E46500EEDFE5 /* Resources */ = {
			isa = PBXResourcesBuildPhase;
			buildActionMask = 2147483647;
			files = (
				EA251D011F36E49700EEDFE5 /* GoogleService-Info.plist in Resources */,
			);
			runOnlyForDeploymentPostprocessing = 0;
		};
		EA251CEB1F36E46500EEDFE5 /* Resources */ = {
			isa = PBXResourcesBuildPhase;
			buildActionMask = 2147483647;
			files = (
				EA251D021F36E49700EEDFE5 /* GoogleService-Info.plist in Resources */,
			);
			runOnlyForDeploymentPostprocessing = 0;
		};
/* End PBXResourcesBuildPhase section */

/* Begin PBXShellScriptBuildPhase section */
		226BCDEEE407C631FFC88E55 /* [CP] Embed Pods Frameworks */ = {
			isa = PBXShellScriptBuildPhase;
			buildActionMask = 2147483647;
			files = (
			);
			inputPaths = (
			);
			name = "[CP] Embed Pods Frameworks";
			outputPaths = (
			);
			runOnlyForDeploymentPostprocessing = 0;
			shellPath = /bin/sh;
			shellScript = "\"${SRCROOT}/Pods/Target Support Files/Pods-FireBaseSampleUITests/Pods-FireBaseSampleUITests-frameworks.sh\"\n";
			showEnvVarsInLog = 0;
		};
		27AEB20BDEDF1E9E40C02A1D /* [CP] Embed Pods Frameworks */ = {
			isa = PBXShellScriptBuildPhase;
			buildActionMask = 2147483647;
			files = (
			);
			inputPaths = (
			);
			name = "[CP] Embed Pods Frameworks";
			outputPaths = (
			);
			runOnlyForDeploymentPostprocessing = 0;
			shellPath = /bin/sh;
			shellScript = "\"${SRCROOT}/Pods/Target Support Files/Pods-FireBaseSample/Pods-FireBaseSample-frameworks.sh\"\n";
			showEnvVarsInLog = 0;
		};
		2884284B81705D62DD2EEB92 /* [CP] Copy Pods Resources */ = {
			isa = PBXShellScriptBuildPhase;
			buildActionMask = 2147483647;
			files = (
			);
			inputPaths = (
			);
			name = "[CP] Copy Pods Resources";
			outputPaths = (
			);
			runOnlyForDeploymentPostprocessing = 0;
			shellPath = /bin/sh;
			shellScript = "\"${SRCROOT}/Pods/Target Support Files/Pods-FireBaseSampleUITests/Pods-FireBaseSampleUITests-resources.sh\"\n";
			showEnvVarsInLog = 0;
		};
		5C2A508E6C82A386F58AE0A0 /* [CP] Check Pods Manifest.lock */ = {
			isa = PBXShellScriptBuildPhase;
			buildActionMask = 2147483647;
			files = (
			);
			inputPaths = (
			);
			name = "[CP] Check Pods Manifest.lock";
			outputPaths = (
			);
			runOnlyForDeploymentPostprocessing = 0;
			shellPath = /bin/sh;
			shellScript = "diff \"${PODS_PODFILE_DIR_PATH}/Podfile.lock\" \"${PODS_ROOT}/Manifest.lock\" > /dev/null\nif [ $? != 0 ] ; then\n    # print error to STDERR\n    echo \"error: The sandbox is not in sync with the Podfile.lock. Run 'pod install' or update your CocoaPods installation.\" >&2\n    exit 1\nfi\n";
			showEnvVarsInLog = 0;
		};
		6A41BA919559B0D0A37E0D33 /* [CP] Check Pods Manifest.lock */ = {
			isa = PBXShellScriptBuildPhase;
			buildActionMask = 2147483647;
			files = (
			);
			inputPaths = (
			);
			name = "[CP] Check Pods Manifest.lock";
			outputPaths = (
			);
			runOnlyForDeploymentPostprocessing = 0;
			shellPath = /bin/sh;
			shellScript = "diff \"${PODS_PODFILE_DIR_PATH}/Podfile.lock\" \"${PODS_ROOT}/Manifest.lock\" > /dev/null\nif [ $? != 0 ] ; then\n    # print error to STDERR\n    echo \"error: The sandbox is not in sync with the Podfile.lock. Run 'pod install' or update your CocoaPods installation.\" >&2\n    exit 1\nfi\n";
			showEnvVarsInLog = 0;
		};
		84FAEA67E16376A79C692400 /* [CP] Check Pods Manifest.lock */ = {
			isa = PBXShellScriptBuildPhase;
			buildActionMask = 2147483647;
			files = (
			);
			inputPaths = (
			);
			name = "[CP] Check Pods Manifest.lock";
			outputPaths = (
			);
			runOnlyForDeploymentPostprocessing = 0;
			shellPath = /bin/sh;
			shellScript = "diff \"${PODS_PODFILE_DIR_PATH}/Podfile.lock\" \"${PODS_ROOT}/Manifest.lock\" > /dev/null\nif [ $? != 0 ] ; then\n    # print error to STDERR\n    echo \"error: The sandbox is not in sync with the Podfile.lock. Run 'pod install' or update your CocoaPods installation.\" >&2\n    exit 1\nfi\n";
			showEnvVarsInLog = 0;
		};
		A809F384901002BAE94D9465 /* [CP] Copy Pods Resources */ = {
			isa = PBXShellScriptBuildPhase;
			buildActionMask = 2147483647;
			files = (
			);
			inputPaths = (
			);
			name = "[CP] Copy Pods Resources";
			outputPaths = (
			);
			runOnlyForDeploymentPostprocessing = 0;
			shellPath = /bin/sh;
			shellScript = "\"${SRCROOT}/Pods/Target Support Files/Pods-FireBaseSample/Pods-FireBaseSample-resources.sh\"\n";
			showEnvVarsInLog = 0;
		};
		CCE788BFEEED04DE2E9AE168 /* [CP] Embed Pods Frameworks */ = {
			isa = PBXShellScriptBuildPhase;
			buildActionMask = 2147483647;
			files = (
			);
			inputPaths = (
			);
			name = "[CP] Embed Pods Frameworks";
			outputPaths = (
			);
			runOnlyForDeploymentPostprocessing = 0;
			shellPath = /bin/sh;
			shellScript = "\"${SRCROOT}/Pods/Target Support Files/Pods-FireBaseSampleTests/Pods-FireBaseSampleTests-frameworks.sh\"\n";
			showEnvVarsInLog = 0;
		};
		D2353DFD5BAA97F1665D9152 /* [CP] Copy Pods Resources */ = {
			isa = PBXShellScriptBuildPhase;
			buildActionMask = 2147483647;
			files = (
			);
			inputPaths = (
			);
			name = "[CP] Copy Pods Resources";
			outputPaths = (
			);
			runOnlyForDeploymentPostprocessing = 0;
			shellPath = /bin/sh;
			shellScript = "\"${SRCROOT}/Pods/Target Support Files/Pods-FireBaseSampleTests/Pods-FireBaseSampleTests-resources.sh\"\n";
			showEnvVarsInLog = 0;
		};
/* End PBXShellScriptBuildPhase section */

/* Begin PBXSourcesBuildPhase section */
		EA251CCA1F36E46500EEDFE5 /* Sources */ = {
			isa = PBXSourcesBuildPhase;
			buildActionMask = 2147483647;
			files = (
				EA251CD41F36E46500EEDFE5 /* ViewController.swift in Sources */,
				EA251CD21F36E46500EEDFE5 /* AppDelegate.swift in Sources */,
			);
			runOnlyForDeploymentPostprocessing = 0;
		};
		EA251CDE1F36E46500EEDFE5 /* Sources */ = {
			isa = PBXSourcesBuildPhase;
			buildActionMask = 2147483647;
			files = (
				EA251CE71F36E46500EEDFE5 /* FireBaseSampleTests.swift in Sources */,
			);
			runOnlyForDeploymentPostprocessing = 0;
		};
		EA251CE91F36E46500EEDFE5 /* Sources */ = {
			isa = PBXSourcesBuildPhase;
			buildActionMask = 2147483647;
			files = (
				EA251CF21F36E46500EEDFE5 /* FireBaseSampleUITests.swift in Sources */,
			);
			runOnlyForDeploymentPostprocessing = 0;
		};
/* End PBXSourcesBuildPhase section */

/* Begin PBXTargetDependency section */
		EA251CE41F36E46500EEDFE5 /* PBXTargetDependency */ = {
			isa = PBXTargetDependency;
			target = EA251CCD1F36E46500EEDFE5 /* FireBaseSample */;
			targetProxy = EA251CE31F36E46500EEDFE5 /* PBXContainerItemProxy */;
		};
		EA251CEF1F36E46500EEDFE5 /* PBXTargetDependency */ = {
			isa = PBXTargetDependency;
			target = EA251CCD1F36E46500EEDFE5 /* FireBaseSample */;
			targetProxy = EA251CEE1F36E46500EEDFE5 /* PBXContainerItemProxy */;
		};
/* End PBXTargetDependency section */

/* Begin PBXVariantGroup section */
		EA251CD51F36E46500EEDFE5 /* Main.storyboard */ = {
			isa = PBXVariantGroup;
			children = (
				EA251CD61F36E46500EEDFE5 /* Base */,
			);
			name = Main.storyboard;
			sourceTree = "<group>";
		};
		EA251CDA1F36E46500EEDFE5 /* LaunchScreen.storyboard */ = {
			isa = PBXVariantGroup;
			children = (
				EA251CDB1F36E46500EEDFE5 /* Base */,
			);
			name = LaunchScreen.storyboard;
			sourceTree = "<group>";
		};
/* End PBXVariantGroup section */

/* Begin XCBuildConfiguration section */
		EA251CF41F36E46500EEDFE5 /* Debug */ = {
			isa = XCBuildConfiguration;
			buildSettings = {
				ALWAYS_SEARCH_USER_PATHS = NO;
				CLANG_ANALYZER_NONNULL = YES;
				CLANG_ANALYZER_NUMBER_OBJECT_CONVERSION = YES_AGGRESSIVE;
				CLANG_CXX_LANGUAGE_STANDARD = "gnu++0x";
				CLANG_CXX_LIBRARY = "libc++";
				CLANG_ENABLE_MODULES = YES;
				CLANG_ENABLE_OBJC_ARC = YES;
				CLANG_WARN_BOOL_CONVERSION = YES;
				CLANG_WARN_CONSTANT_CONVERSION = YES;
				CLANG_WARN_DIRECT_OBJC_ISA_USAGE = YES_ERROR;
				CLANG_WARN_DOCUMENTATION_COMMENTS = YES;
				CLANG_WARN_EMPTY_BODY = YES;
				CLANG_WARN_ENUM_CONVERSION = YES;
				CLANG_WARN_INFINITE_RECURSION = YES;
				CLANG_WARN_INT_CONVERSION = YES;
				CLANG_WARN_OBJC_ROOT_CLASS = YES_ERROR;
				CLANG_WARN_SUSPICIOUS_MOVE = YES;
				CLANG_WARN_UNREACHABLE_CODE = YES;
				CLANG_WARN__DUPLICATE_METHOD_MATCH = YES;
				"CODE_SIGN_IDENTITY[sdk=iphoneos*]" = "iPhone Developer";
				COPY_PHASE_STRIP = NO;
				DEBUG_INFORMATION_FORMAT = dwarf;
				ENABLE_STRICT_OBJC_MSGSEND = YES;
				ENABLE_TESTABILITY = YES;
				GCC_C_LANGUAGE_STANDARD = gnu99;
				GCC_DYNAMIC_NO_PIC = NO;
				GCC_NO_COMMON_BLOCKS = YES;
				GCC_OPTIMIZATION_LEVEL = 0;
				GCC_PREPROCESSOR_DEFINITIONS = (
					"DEBUG=1",
					"$(inherited)",
				);
				GCC_WARN_64_TO_32_BIT_CONVERSION = YES;
				GCC_WARN_ABOUT_RETURN_TYPE = YES_ERROR;
				GCC_WARN_UNDECLARED_SELECTOR = YES;
				GCC_WARN_UNINITIALIZED_AUTOS = YES_AGGRESSIVE;
				GCC_WARN_UNUSED_FUNCTION = YES;
				GCC_WARN_UNUSED_VARIABLE = YES;
				IPHONEOS_DEPLOYMENT_TARGET = 10.3;
				MTL_ENABLE_DEBUG_INFO = YES;
				ONLY_ACTIVE_ARCH = YES;
				SDKROOT = iphoneos;
				SWIFT_ACTIVE_COMPILATION_CONDITIONS = DEBUG;
				SWIFT_OPTIMIZATION_LEVEL = "-Onone";
			};
			name = Debug;
		};
		EA251CF51F36E46500EEDFE5 /* Release */ = {
			isa = XCBuildConfiguration;
			buildSettings = {
				ALWAYS_SEARCH_USER_PATHS = NO;
				CLANG_ANALYZER_NONNULL = YES;
				CLANG_ANALYZER_NUMBER_OBJECT_CONVERSION = YES_AGGRESSIVE;
				CLANG_CXX_LANGUAGE_STANDARD = "gnu++0x";
				CLANG_CXX_LIBRARY = "libc++";
				CLANG_ENABLE_MODULES = YES;
				CLANG_ENABLE_OBJC_ARC = YES;
				CLANG_WARN_BOOL_CONVERSION = YES;
				CLANG_WARN_CONSTANT_CONVERSION = YES;
				CLANG_WARN_DIRECT_OBJC_ISA_USAGE = YES_ERROR;
				CLANG_WARN_DOCUMENTATION_COMMENTS = YES;
				CLANG_WARN_EMPTY_BODY = YES;
				CLANG_WARN_ENUM_CONVERSION = YES;
				CLANG_WARN_INFINITE_RECURSION = YES;
				CLANG_WARN_INT_CONVERSION = YES;
				CLANG_WARN_OBJC_ROOT_CLASS = YES_ERROR;
				CLANG_WARN_SUSPICIOUS_MOVE = YES;
				CLANG_WARN_UNREACHABLE_CODE = YES;
				CLANG_WARN__DUPLICATE_METHOD_MATCH = YES;
				"CODE_SIGN_IDENTITY[sdk=iphoneos*]" = "iPhone Developer";
				COPY_PHASE_STRIP = NO;
				DEBUG_INFORMATION_FORMAT = "dwarf-with-dsym";
				ENABLE_NS_ASSERTIONS = NO;
				ENABLE_STRICT_OBJC_MSGSEND = YES;
				GCC_C_LANGUAGE_STANDARD = gnu99;
				GCC_NO_COMMON_BLOCKS = YES;
				GCC_WARN_64_TO_32_BIT_CONVERSION = YES;
				GCC_WARN_ABOUT_RETURN_TYPE = YES_ERROR;
				GCC_WARN_UNDECLARED_SELECTOR = YES;
				GCC_WARN_UNINITIALIZED_AUTOS = YES_AGGRESSIVE;
				GCC_WARN_UNUSED_FUNCTION = YES;
				GCC_WARN_UNUSED_VARIABLE = YES;
				IPHONEOS_DEPLOYMENT_TARGET = 10.3;
				MTL_ENABLE_DEBUG_INFO = NO;
				SDKROOT = iphoneos;
				SWIFT_OPTIMIZATION_LEVEL = "-Owholemodule";
				VALIDATE_PRODUCT = YES;
			};
			name = Release;
		};
		EA251CF71F36E46500EEDFE5 /* Debug */ = {
			isa = XCBuildConfiguration;
			baseConfigurationReference = BFD6C3C24D651CCC3B139BEE /* Pods-FireBaseSample.debug.xcconfig */;
			buildSettings = {
				ASSETCATALOG_COMPILER_APPICON_NAME = AppIcon;
				DEVELOPMENT_TEAM = F37M48YKW2;
				INFOPLIST_FILE = FireBaseSample/Info.plist;
				LD_RUNPATH_SEARCH_PATHS = "$(inherited) @executable_path/Frameworks";
				PRODUCT_BUNDLE_IDENTIFIER = kazu14m1.FireBaseSample;
				PRODUCT_NAME = "$(TARGET_NAME)";
				SWIFT_VERSION = 3.0;
			};
			name = Debug;
		};
		EA251CF81F36E46500EEDFE5 /* Release */ = {
			isa = XCBuildConfiguration;
			baseConfigurationReference = 4D1FADE2D3E3E4B7665D2CF8 /* Pods-FireBaseSample.release.xcconfig */;
			buildSettings = {
				ASSETCATALOG_COMPILER_APPICON_NAME = AppIcon;
				DEVELOPMENT_TEAM = F37M48YKW2;
				INFOPLIST_FILE = FireBaseSample/Info.plist;
				LD_RUNPATH_SEARCH_PATHS = "$(inherited) @executable_path/Frameworks";
				PRODUCT_BUNDLE_IDENTIFIER = kazu14m1.FireBaseSample;
				PRODUCT_NAME = "$(TARGET_NAME)";
				SWIFT_VERSION = 3.0;
			};
			name = Release;
		};
		EA251CFA1F36E46500EEDFE5 /* Debug */ = {
			isa = XCBuildConfiguration;
			baseConfigurationReference = F6543419A9362F4C13BD6014 /* Pods-FireBaseSampleTests.debug.xcconfig */;
			buildSettings = {
				ALWAYS_EMBED_SWIFT_STANDARD_LIBRARIES = YES;
				BUNDLE_LOADER = "$(TEST_HOST)";
				DEVELOPMENT_TEAM = F37M48YKW2;
				INFOPLIST_FILE = FireBaseSampleTests/Info.plist;
				LD_RUNPATH_SEARCH_PATHS = "$(inherited) @executable_path/Frameworks @loader_path/Frameworks";
				PRODUCT_BUNDLE_IDENTIFIER = kazu14m1.FireBaseSampleTests;
				PRODUCT_NAME = "$(TARGET_NAME)";
				SWIFT_VERSION = 3.0;
				TEST_HOST = "$(BUILT_PRODUCTS_DIR)/FireBaseSample.app/FireBaseSample";
			};
			name = Debug;
		};
		EA251CFB1F36E46500EEDFE5 /* Release */ = {
			isa = XCBuildConfiguration;
			baseConfigurationReference = E25F64C3D97EE44706C35892 /* Pods-FireBaseSampleTests.release.xcconfig */;
			buildSettings = {
				ALWAYS_EMBED_SWIFT_STANDARD_LIBRARIES = YES;
				BUNDLE_LOADER = "$(TEST_HOST)";
				DEVELOPMENT_TEAM = F37M48YKW2;
				INFOPLIST_FILE = FireBaseSampleTests/Info.plist;
				LD_RUNPATH_SEARCH_PATHS = "$(inherited) @executable_path/Frameworks @loader_path/Frameworks";
				PRODUCT_BUNDLE_IDENTIFIER = kazu14m1.FireBaseSampleTests;
				PRODUCT_NAME = "$(TARGET_NAME)";
				SWIFT_VERSION = 3.0;
				TEST_HOST = "$(BUILT_PRODUCTS_DIR)/FireBaseSample.app/FireBaseSample";
			};
			name = Release;
		};
		EA251CFD1F36E46500EEDFE5 /* Debug */ = {
			isa = XCBuildConfiguration;
			baseConfigurationReference = 8BD20DF255A3FE82F2C7E238 /* Pods-FireBaseSampleUITests.debug.xcconfig */;
			buildSettings = {
				ALWAYS_EMBED_SWIFT_STANDARD_LIBRARIES = YES;
				DEVELOPMENT_TEAM = F37M48YKW2;
				INFOPLIST_FILE = FireBaseSampleUITests/Info.plist;
				LD_RUNPATH_SEARCH_PATHS = "$(inherited) @executable_path/Frameworks @loader_path/Frameworks";
				PRODUCT_BUNDLE_IDENTIFIER = kazu14m1.FireBaseSampleUITests;
				PRODUCT_NAME = "$(TARGET_NAME)";
				SWIFT_VERSION = 3.0;
				TEST_TARGET_NAME = FireBaseSample;
			};
			name = Debug;
		};
		EA251CFE1F36E46500EEDFE5 /* Release */ = {
			isa = XCBuildConfiguration;
			baseConfigurationReference = DBCFAB7CC35C522243A98A4F /* Pods-FireBaseSampleUITests.release.xcconfig */;
			buildSettings = {
				ALWAYS_EMBED_SWIFT_STANDARD_LIBRARIES = YES;
				DEVELOPMENT_TEAM = F37M48YKW2;
				INFOPLIST_FILE = FireBaseSampleUITests/Info.plist;
				LD_RUNPATH_SEARCH_PATHS = "$(inherited) @executable_path/Frameworks @loader_path/Frameworks";
				PRODUCT_BUNDLE_IDENTIFIER = kazu14m1.FireBaseSampleUITests;
				PRODUCT_NAME = "$(TARGET_NAME)";
				SWIFT_VERSION = 3.0;
				TEST_TARGET_NAME = FireBaseSample;
			};
			name = Release;
		};
/* End XCBuildConfiguration section */

/* Begin XCConfigurationList section */
		EA251CC91F36E46500EEDFE5 /* Build configuration list for PBXProject "FireBaseSample" */ = {
			isa = XCConfigurationList;
			buildConfigurations = (
				EA251CF41F36E46500EEDFE5 /* Debug */,
				EA251CF51F36E46500EEDFE5 /* Release */,
			);
			defaultConfigurationIsVisible = 0;
			defaultConfigurationName = Release;
		};
		EA251CF61F36E46500EEDFE5 /* Build configuration list for PBXNativeTarget "FireBaseSample" */ = {
			isa = XCConfigurationList;
			buildConfigurations = (
				EA251CF71F36E46500EEDFE5 /* Debug */,
				EA251CF81F36E46500EEDFE5 /* Release */,
			);
			defaultConfigurationIsVisible = 0;
		};
		EA251CF91F36E46500EEDFE5 /* Build configuration list for PBXNativeTarget "FireBaseSampleTests" */ = {
			isa = XCConfigurationList;
			buildConfigurations = (
				EA251CFA1F36E46500EEDFE5 /* Debug */,
				EA251CFB1F36E46500EEDFE5 /* Release */,
			);
			defaultConfigurationIsVisible = 0;
		};
		EA251CFC1F36E46500EEDFE5 /* Build configuration list for PBXNativeTarget "FireBaseSampleUITests" */ = {
			isa = XCConfigurationList;
			buildConfigurations = (
				EA251CFD1F36E46500EEDFE5 /* Debug */,
				EA251CFE1F36E46500EEDFE5 /* Release */,
			);
			defaultConfigurationIsVisible = 0;
		};
/* End XCConfigurationList section */
	};
	rootObject = EA251CC61F36E46500EEDFE5 /* Project object */;
}
